
Microsoft Visual Studio Solution File, Format Version 12.00
# Visual Studio 14
VisualStudioVersion = 14.0.25420.1
MinimumVisualStudioVersion = 10.0.40219.1
Project("{FAE04EC0-301F-11D3-BF4B-00C04F79EFBC}") = "InovaPrudente", "InovaPrudente\InovaPrudente.csproj", "{BBC886FB-374A-4A19-8892-A65C605E0716}"
EndProject
Project("{FAE04EC0-301F-11D3-BF4B-00C04F79EFBC}") = "apiInovaPP", "api_lote\apiInovaPP.csproj", "{1915EDB6-13EB-49B5-96D8-CB3B38B21B49}"
EndProject
Project("{FAE04EC0-301F-11D3-BF4B-00C04F79EFBC}") = "Bot App", "Bot App\Bot App.csproj", "{A8BA1066-5695-4D71-ABB4-65E5A5E0C3D4}"
EndProject
Project("{FAE04EC0-301F-11D3-BF4B-00C04F79EFBC}") = "ServicoDeRecebimentoDeEntregas", "ServicoDeRecebimentoDeEntregas\ServicoDeRecebimentoDeEntregas.csproj", "{E3EAA3DB-4052-47ED-87BF-D0EAA90BAA6B}"
EndProject
Global
	GlobalSection(SolutionConfigurationPlatforms) = preSolution
		Debug|Any CPU = Debug|Any CPU
		Release|Any CPU = Release|Any CPU
	EndGlobalSection
	GlobalSection(ProjectConfigurationPlatforms) = postSolution
		{BBC886FB-374A-4A19-8892-A65C605E0716}.Debug|Any CPU.ActiveCfg = Debug|Any CPU
		{BBC886FB-374A-4A19-8892-A65C605E0716}.Debug|Any CPU.Build.0 = Debug|Any CPU
		{BBC886FB-374A-4A19-8892-A65C605E0716}.Release|Any CPU.ActiveCfg = Release|Any CPU
		{BBC886FB-374A-4A19-8892-A65C605E0716}.Release|Any CPU.Build.0 = Release|Any CPU
		{1915EDB6-13EB-49B5-96D8-CB3B38B21B49}.Debug|Any CPU.ActiveCfg = Debug|Any CPU
		{1915EDB6-13EB-49B5-96D8-CB3B38B21B49}.Debug|Any CPU.Build.0 = Debug|Any CPU
		{1915EDB6-13EB-49B5-96D8-CB3B38B21B49}.Release|Any CPU.ActiveCfg = Release|Any CPU
		{1915EDB6-13EB-49B5-96D8-CB3B38B21B49}.Release|Any CPU.Build.0 = Release|Any CPU
		{A8BA1066-5695-4D71-ABB4-65E5A5E0C3D4}.Debug|Any CPU.ActiveCfg = Debug|Any CPU
		{A8BA1066-5695-4D71-ABB4-65E5A5E0C3D4}.Debug|Any CPU.Build.0 = Debug|Any CPU
		{A8BA1066-5695-4D71-ABB4-65E5A5E0C3D4}.Release|Any CPU.ActiveCfg = Release|Any CPU
		{A8BA1066-5695-4D71-ABB4-65E5A5E0C3D4}.Release|Any CPU.Build.0 = Release|Any CPU
		{E3EAA3DB-4052-47ED-87BF-D0EAA90BAA6B}.Debug|Any CPU.ActiveCfg = Debug|Any CPU
		{E3EAA3DB-4052-47ED-87BF-D0EAA90BAA6B}.Debug|Any CPU.Build.0 = Debug|Any CPU
		{E3EAA3DB-4052-47ED-87BF-D0EAA90BAA6B}.Release|Any CPU.ActiveCfg = Release|Any CPU
		{E3EAA3DB-4052-47ED-87BF-D0EAA90BAA6B}.Release|Any CPU.Build.0 = Release|Any CPU
	EndGlobalSection
	GlobalSection(SolutionProperties) = preSolution
		HideSolutionNode = FALSE
	EndGlobalSection
	GlobalSection(ExtensibilityGlobals) = postSolution
		SolutionGuid = {BEFA185A-3E25-46C7-BA69-B16FABF296DB}
	EndGlobalSection
EndGlobal
